
Microsoft Visual Studio Solution File, Format Version 12.00
# Visual Studio 15
VisualStudioVersion = 15.0.27428.2005
MinimumVisualStudioVersion = 10.0.40219.1
Project("{FAE04EC0-301F-11D3-BF4B-00C04F79EFBC}") = "A02PBallGenerator", "A02PBallGenerator\A02PBallGenerator.csproj", "{20C7D138-22C6-4E72-B34B-9575884855F7}"
EndProject
Global
	GlobalSection(SolutionConfigurationPlatforms) = preSolution
		Debug|Any CPU = Debug|Any CPU
		Release|Any CPU = Release|Any CPU
	EndGlobalSection
	GlobalSection(ProjectConfigurationPlatforms) = postSolution
		{20C7D138-22C6-4E72-B34B-9575884855F7}.Debug|Any CPU.ActiveCfg = Debug|Any CPU
		{20C7D138-22C6-4E72-B34B-9575884855F7}.Debug|Any CPU.Build.0 = Debug|Any CPU
		{20C7D138-22C6-4E72-B34B-9575884855F7}.Release|Any CPU.ActiveCfg = Release|Any CPU
		{20C7D138-22C6-4E72-B34B-9575884855F7}.Release|Any CPU.Build.0 = Release|Any CPU
	EndGlobalSection
	GlobalSection(SolutionProperties) = preSolution
		HideSolutionNode = FALSE
	EndGlobalSection
	GlobalSection(ExtensibilityGlobals) = postSolution
		SolutionGuid = {1104F4F2-2AFE-4960-A87D-D6D106D8B481}
	EndGlobalSection
EndGlobal
