
Microsoft Visual Studio Solution File, Format Version 12.00
# Visual Studio 15
VisualStudioVersion = 15.0.28307.421
MinimumVisualStudioVersion = 10.0.40219.1
Project("{FAE04EC0-301F-11D3-BF4B-00C04F79EFBC}") = "Assignment4", "Assignment4\Assignment4.csproj", "{B1A66209-3A07-4FB2-8B6B-E603C99BF6EA}"
EndProject
Global
	GlobalSection(SolutionConfigurationPlatforms) = preSolution
		Debug|Any CPU = Debug|Any CPU
		Release|Any CPU = Release|Any CPU
	EndGlobalSection
	GlobalSection(ProjectConfigurationPlatforms) = postSolution
		{B1A66209-3A07-4FB2-8B6B-E603C99BF6EA}.Debug|Any CPU.ActiveCfg = Debug|Any CPU
		{B1A66209-3A07-4FB2-8B6B-E603C99BF6EA}.Debug|Any CPU.Build.0 = Debug|Any CPU
		{B1A66209-3A07-4FB2-8B6B-E603C99BF6EA}.Release|Any CPU.ActiveCfg = Release|Any CPU
		{B1A66209-3A07-4FB2-8B6B-E603C99BF6EA}.Release|Any CPU.Build.0 = Release|Any CPU
	EndGlobalSection
	GlobalSection(SolutionProperties) = preSolution
		HideSolutionNode = FALSE
	EndGlobalSection
	GlobalSection(ExtensibilityGlobals) = postSolution
		SolutionGuid = {5DEAE7CE-7859-4FD3-8FC2-D9666E74363C}
	EndGlobalSection
EndGlobal
